// !$*UTF8*$!
{
	archiveVersion = 1;
	classes = {
	};
	objectVersion = 46;
	objects = {

/* Begin PBXBuildFile section */
		080276BA0DCC2C4891A79C8E /* Pods_PokeSearch.framework in Frameworks */ = {isa = PBXBuildFile; fileRef = 5637217D7636179B6D9983CB /* Pods_PokeSearch.framework */; };
		EEB76B371F1ACE520093FE3D /* AppDelegate.swift in Sources */ = {isa = PBXBuildFile; fileRef = EEB76B361F1ACE520093FE3D /* AppDelegate.swift */; };
		EEB76B391F1ACE520093FE3D /* ViewController.swift in Sources */ = {isa = PBXBuildFile; fileRef = EEB76B381F1ACE520093FE3D /* ViewController.swift */; };
		EEB76B3C1F1ACE520093FE3D /* Main.storyboard in Resources */ = {isa = PBXBuildFile; fileRef = EEB76B3A1F1ACE520093FE3D /* Main.storyboard */; };
		EEB76B3E1F1ACE520093FE3D /* Assets.xcassets in Resources */ = {isa = PBXBuildFile; fileRef = EEB76B3D1F1ACE520093FE3D /* Assets.xcassets */; };
		EEB76B411F1ACE520093FE3D /* LaunchScreen.storyboard in Resources */ = {isa = PBXBuildFile; fileRef = EEB76B3F1F1ACE520093FE3D /* LaunchScreen.storyboard */; };
		EEB76B491F1ACE840093FE3D /* GoogleService-Info.plist in Resources */ = {isa = PBXBuildFile; fileRef = EEB76B481F1ACE840093FE3D /* GoogleService-Info.plist */; };
		EEB76B5C1F1B00100093FE3D /* GeoFire.m in Sources */ = {isa = PBXBuildFile; fileRef = EEB76B531F1B00100093FE3D /* GeoFire.m */; };
		EEB76B5D1F1B00100093FE3D /* GFBase32Utils.m in Sources */ = {isa = PBXBuildFile; fileRef = EEB76B551F1B00100093FE3D /* GFBase32Utils.m */; };
		EEB76B5E1F1B00100093FE3D /* GFGeoHash.m in Sources */ = {isa = PBXBuildFile; fileRef = EEB76B571F1B00100093FE3D /* GFGeoHash.m */; };
		EEB76B5F1F1B00100093FE3D /* GFGeoHashQuery.m in Sources */ = {isa = PBXBuildFile; fileRef = EEB76B591F1B00100093FE3D /* GFGeoHashQuery.m */; };
		EEB76B601F1B00100093FE3D /* GFQuery.m in Sources */ = {isa = PBXBuildFile; fileRef = EEB76B5B1F1B00100093FE3D /* GFQuery.m */; };
		EEB76B6A1F1BBB580093FE3D /* PokeAnnotation.swift in Sources */ = {isa = PBXBuildFile; fileRef = EEB76B691F1BBB580093FE3D /* PokeAnnotation.swift */; };
		EEB76B6D1F1D6A8B0093FE3D /* pokemon.csv in Resources */ = {isa = PBXBuildFile; fileRef = EEB76B6C1F1D6A8B0093FE3D /* pokemon.csv */; };
		EEB76B6F1F1D6A940093FE3D /* csv.swift in Sources */ = {isa = PBXBuildFile; fileRef = EEB76B6E1F1D6A940093FE3D /* csv.swift */; };
		EEB76B741F1D6AFA0093FE3D /* PokemonListVC.swift in Sources */ = {isa = PBXBuildFile; fileRef = EEB76B731F1D6AFA0093FE3D /* PokemonListVC.swift */; };
		EEB76B761F1D6BAD0093FE3D /* Pokemon Solid.ttf in Resources */ = {isa = PBXBuildFile; fileRef = EEB76B751F1D6BAD0093FE3D /* Pokemon Solid.ttf */; };
		EEB76B781F1D6F920093FE3D /* PokeCell.swift in Sources */ = {isa = PBXBuildFile; fileRef = EEB76B771F1D6F920093FE3D /* PokeCell.swift */; };
		EEB76B7A1F1D6FE70093FE3D /* Pokemon.swift in Sources */ = {isa = PBXBuildFile; fileRef = EEB76B791F1D6FE70093FE3D /* Pokemon.swift */; };
/* End PBXBuildFile section */

/* Begin PBXFileReference section */
		5637217D7636179B6D9983CB /* Pods_PokeSearch.framework */ = {isa = PBXFileReference; explicitFileType = wrapper.framework; includeInIndex = 0; path = Pods_PokeSearch.framework; sourceTree = BUILT_PRODUCTS_DIR; };
		788C63E9CC3AED52E60491D6 /* Pods-PokeSearch.debug.xcconfig */ = {isa = PBXFileReference; includeInIndex = 1; lastKnownFileType = text.xcconfig; name = "Pods-PokeSearch.debug.xcconfig"; path = "Pods/Target Support Files/Pods-PokeSearch/Pods-PokeSearch.debug.xcconfig"; sourceTree = "<group>"; };
		D661658EC56D51354263335F /* Pods-PokeSearch.release.xcconfig */ = {isa = PBXFileReference; includeInIndex = 1; lastKnownFileType = text.xcconfig; name = "Pods-PokeSearch.release.xcconfig"; path = "Pods/Target Support Files/Pods-PokeSearch/Pods-PokeSearch.release.xcconfig"; sourceTree = "<group>"; };
		EEB76B331F1ACE520093FE3D /* PokeSearch.app */ = {isa = PBXFileReference; explicitFileType = wrapper.application; includeInIndex = 0; path = PokeSearch.app; sourceTree = BUILT_PRODUCTS_DIR; };
		EEB76B361F1ACE520093FE3D /* AppDelegate.swift */ = {isa = PBXFileReference; lastKnownFileType = sourcecode.swift; path = AppDelegate.swift; sourceTree = "<group>"; };
		EEB76B381F1ACE520093FE3D /* ViewController.swift */ = {isa = PBXFileReference; lastKnownFileType = sourcecode.swift; path = ViewController.swift; sourceTree = "<group>"; };
		EEB76B3B1F1ACE520093FE3D /* Base */ = {isa = PBXFileReference; lastKnownFileType = file.storyboard; name = Base; path = Base.lproj/Main.storyboard; sourceTree = "<group>"; };
		EEB76B3D1F1ACE520093FE3D /* Assets.xcassets */ = {isa = PBXFileReference; lastKnownFileType = folder.assetcatalog; path = Assets.xcassets; sourceTree = "<group>"; };
		EEB76B401F1ACE520093FE3D /* Base */ = {isa = PBXFileReference; lastKnownFileType = file.storyboard; name = Base; path = Base.lproj/LaunchScreen.storyboard; sourceTree = "<group>"; };
		EEB76B421F1ACE520093FE3D /* Info.plist */ = {isa = PBXFileReference; lastKnownFileType = text.plist.xml; path = Info.plist; sourceTree = "<group>"; };
		EEB76B481F1ACE840093FE3D /* GoogleService-Info.plist */ = {isa = PBXFileReference; fileEncoding = 4; lastKnownFileType = text.plist.xml; path = "GoogleService-Info.plist"; sourceTree = "<group>"; };
		EEB76B4C1F1B00100093FE3D /* GeoFire.h */ = {isa = PBXFileReference; fileEncoding = 4; lastKnownFileType = sourcecode.c.h; path = GeoFire.h; sourceTree = "<group>"; };
		EEB76B4D1F1B00100093FE3D /* GFCircleQuery.h */ = {isa = PBXFileReference; fileEncoding = 4; lastKnownFileType = sourcecode.c.h; path = GFCircleQuery.h; sourceTree = "<group>"; };
		EEB76B4E1F1B00100093FE3D /* GFQuery.h */ = {isa = PBXFileReference; fileEncoding = 4; lastKnownFileType = sourcecode.c.h; path = GFQuery.h; sourceTree = "<group>"; };
		EEB76B4F1F1B00100093FE3D /* GFRegionQuery.h */ = {isa = PBXFileReference; fileEncoding = 4; lastKnownFileType = sourcecode.c.h; path = GFRegionQuery.h; sourceTree = "<group>"; };
		EEB76B501F1B00100093FE3D /* GeoFire-Prefix.pch */ = {isa = PBXFileReference; fileEncoding = 4; lastKnownFileType = sourcecode.c.h; path = "GeoFire-Prefix.pch"; sourceTree = "<group>"; };
		EEB76B521F1B00100093FE3D /* GeoFire+Private.h */ = {isa = PBXFileReference; fileEncoding = 4; lastKnownFileType = sourcecode.c.h; path = "GeoFire+Private.h"; sourceTree = "<group>"; };
		EEB76B531F1B00100093FE3D /* GeoFire.m */ = {isa = PBXFileReference; fileEncoding = 4; lastKnownFileType = sourcecode.c.objc; path = GeoFire.m; sourceTree = "<group>"; };
		EEB76B541F1B00100093FE3D /* GFBase32Utils.h */ = {isa = PBXFileReference; fileEncoding = 4; lastKnownFileType = sourcecode.c.h; path = GFBase32Utils.h; sourceTree = "<group>"; };
		EEB76B551F1B00100093FE3D /* GFBase32Utils.m */ = {isa = PBXFileReference; fileEncoding = 4; lastKnownFileType = sourcecode.c.objc; path = GFBase32Utils.m; sourceTree = "<group>"; };
		EEB76B561F1B00100093FE3D /* GFGeoHash.h */ = {isa = PBXFileReference; fileEncoding = 4; lastKnownFileType = sourcecode.c.h; path = GFGeoHash.h; sourceTree = "<group>"; };
		EEB76B571F1B00100093FE3D /* GFGeoHash.m */ = {isa = PBXFileReference; fileEncoding = 4; lastKnownFileType = sourcecode.c.objc; path = GFGeoHash.m; sourceTree = "<group>"; };
		EEB76B581F1B00100093FE3D /* GFGeoHashQuery.h */ = {isa = PBXFileReference; fileEncoding = 4; lastKnownFileType = sourcecode.c.h; path = GFGeoHashQuery.h; sourceTree = "<group>"; };
		EEB76B591F1B00100093FE3D /* GFGeoHashQuery.m */ = {isa = PBXFileReference; fileEncoding = 4; lastKnownFileType = sourcecode.c.objc; path = GFGeoHashQuery.m; sourceTree = "<group>"; };
		EEB76B5A1F1B00100093FE3D /* GFQuery+Private.h */ = {isa = PBXFileReference; fileEncoding = 4; lastKnownFileType = sourcecode.c.h; path = "GFQuery+Private.h"; sourceTree = "<group>"; };
		EEB76B5B1F1B00100093FE3D /* GFQuery.m */ = {isa = PBXFileReference; fileEncoding = 4; lastKnownFileType = sourcecode.c.objc; path = GFQuery.m; sourceTree = "<group>"; };
		EEB76B641F1B01060093FE3D /* PokeFinder-Bridging-Header.h */ = {isa = PBXFileReference; fileEncoding = 4; lastKnownFileType = sourcecode.c.h; path = "PokeFinder-Bridging-Header.h"; sourceTree = "<group>"; };
		EEB76B691F1BBB580093FE3D /* PokeAnnotation.swift */ = {isa = PBXFileReference; fileEncoding = 4; lastKnownFileType = sourcecode.swift; path = PokeAnnotation.swift; sourceTree = "<group>"; };
		EEB76B6C1F1D6A8B0093FE3D /* pokemon.csv */ = {isa = PBXFileReference; fileEncoding = 4; lastKnownFileType = text; path = pokemon.csv; sourceTree = "<group>"; };
		EEB76B6E1F1D6A940093FE3D /* csv.swift */ = {isa = PBXFileReference; fileEncoding = 4; lastKnownFileType = sourcecode.swift; path = csv.swift; sourceTree = "<group>"; };
		EEB76B731F1D6AFA0093FE3D /* PokemonListVC.swift */ = {isa = PBXFileReference; fileEncoding = 4; lastKnownFileType = sourcecode.swift; path = PokemonListVC.swift; sourceTree = "<group>"; };
		EEB76B751F1D6BAD0093FE3D /* Pokemon Solid.ttf */ = {isa = PBXFileReference; lastKnownFileType = file; path = "Pokemon Solid.ttf"; sourceTree = "<group>"; };
		EEB76B771F1D6F920093FE3D /* PokeCell.swift */ = {isa = PBXFileReference; fileEncoding = 4; lastKnownFileType = sourcecode.swift; path = PokeCell.swift; sourceTree = "<group>"; };
		EEB76B791F1D6FE70093FE3D /* Pokemon.swift */ = {isa = PBXFileReference; fileEncoding = 4; lastKnownFileType = sourcecode.swift; path = Pokemon.swift; sourceTree = "<group>"; };
/* End PBXFileReference section */

/* Begin PBXFrameworksBuildPhase section */
		EEB76B301F1ACE520093FE3D /* Frameworks */ = {
			isa = PBXFrameworksBuildPhase;
			buildActionMask = 2147483647;
			files = (
				080276BA0DCC2C4891A79C8E /* Pods_PokeSearch.framework in Frameworks */,
			);
			runOnlyForDeploymentPostprocessing = 0;
		};
/* End PBXFrameworksBuildPhase section */

/* Begin PBXGroup section */
		7DAE1281221D692A1A5E5E5B /* Frameworks */ = {
			isa = PBXGroup;
			children = (
				5637217D7636179B6D9983CB /* Pods_PokeSearch.framework */,
			);
			name = Frameworks;
			sourceTree = "<group>";
		};
		B157A66666E5DC5C953807CB /* Pods */ = {
			isa = PBXGroup;
			children = (
				788C63E9CC3AED52E60491D6 /* Pods-PokeSearch.debug.xcconfig */,
				D661658EC56D51354263335F /* Pods-PokeSearch.release.xcconfig */,
			);
			name = Pods;
			sourceTree = "<group>";
		};
		EEB76B2A1F1ACE520093FE3D = {
			isa = PBXGroup;
			children = (
				EEB76B351F1ACE520093FE3D /* PokeSearch */,
				EEB76B341F1ACE520093FE3D /* Products */,
				B157A66666E5DC5C953807CB /* Pods */,
				7DAE1281221D692A1A5E5E5B /* Frameworks */,
			);
			sourceTree = "<group>";
		};
		EEB76B341F1ACE520093FE3D /* Products */ = {
			isa = PBXGroup;
			children = (
				EEB76B331F1ACE520093FE3D /* PokeSearch.app */,
			);
			name = Products;
			sourceTree = "<group>";
		};
		EEB76B351F1ACE520093FE3D /* PokeSearch */ = {
			isa = PBXGroup;
			children = (
				EEB76B6B1F1D6A620093FE3D /* Resources */,
				EEB76B681F1BBB230093FE3D /* Model */,
				EEB76B701F1D6AAA0093FE3D /* View */,
				EEB76B671F1BBB150093FE3D /* Controller */,
				EEB76B361F1ACE520093FE3D /* AppDelegate.swift */,
				EEB76B641F1B01060093FE3D /* PokeFinder-Bridging-Header.h */,
				EEB76B421F1ACE520093FE3D /* Info.plist */,
				EEB76B481F1ACE840093FE3D /* GoogleService-Info.plist */,
				EEB76B3D1F1ACE520093FE3D /* Assets.xcassets */,
				EEB76B3A1F1ACE520093FE3D /* Main.storyboard */,
				EEB76B3F1F1ACE520093FE3D /* LaunchScreen.storyboard */,
			);
			path = PokeSearch;
			sourceTree = "<group>";
		};
		EEB76B4A1F1B00100093FE3D /* GeoFire */ = {
			isa = PBXGroup;
			children = (
				EEB76B4B1F1B00100093FE3D /* API */,
				EEB76B501F1B00100093FE3D /* GeoFire-Prefix.pch */,
				EEB76B511F1B00100093FE3D /* Implementation */,
			);
			path = GeoFire;
			sourceTree = "<group>";
		};
		EEB76B4B1F1B00100093FE3D /* API */ = {
			isa = PBXGroup;
			children = (
				EEB76B4C1F1B00100093FE3D /* GeoFire.h */,
				EEB76B4D1F1B00100093FE3D /* GFCircleQuery.h */,
				EEB76B4E1F1B00100093FE3D /* GFQuery.h */,
				EEB76B4F1F1B00100093FE3D /* GFRegionQuery.h */,
			);
			path = API;
			sourceTree = "<group>";
		};
		EEB76B511F1B00100093FE3D /* Implementation */ = {
			isa = PBXGroup;
			children = (
				EEB76B521F1B00100093FE3D /* GeoFire+Private.h */,
				EEB76B531F1B00100093FE3D /* GeoFire.m */,
				EEB76B541F1B00100093FE3D /* GFBase32Utils.h */,
				EEB76B551F1B00100093FE3D /* GFBase32Utils.m */,
				EEB76B561F1B00100093FE3D /* GFGeoHash.h */,
				EEB76B571F1B00100093FE3D /* GFGeoHash.m */,
				EEB76B581F1B00100093FE3D /* GFGeoHashQuery.h */,
				EEB76B591F1B00100093FE3D /* GFGeoHashQuery.m */,
				EEB76B5A1F1B00100093FE3D /* GFQuery+Private.h */,
				EEB76B5B1F1B00100093FE3D /* GFQuery.m */,
			);
			path = Implementation;
			sourceTree = "<group>";
		};
		EEB76B671F1BBB150093FE3D /* Controller */ = {
			isa = PBXGroup;
			children = (
				EEB76B381F1ACE520093FE3D /* ViewController.swift */,
				EEB76B731F1D6AFA0093FE3D /* PokemonListVC.swift */,
			);
			name = Controller;
			sourceTree = "<group>";
		};
		EEB76B681F1BBB230093FE3D /* Model */ = {
			isa = PBXGroup;
			children = (
				EEB76B691F1BBB580093FE3D /* PokeAnnotation.swift */,
				EEB76B791F1D6FE70093FE3D /* Pokemon.swift */,
			);
			name = Model;
			sourceTree = "<group>";
		};
		EEB76B6B1F1D6A620093FE3D /* Resources */ = {
			isa = PBXGroup;
			children = (
				EEB76B6C1F1D6A8B0093FE3D /* pokemon.csv */,
				EEB76B751F1D6BAD0093FE3D /* Pokemon Solid.ttf */,
				EEB76B6E1F1D6A940093FE3D /* csv.swift */,
				EEB76B4A1F1B00100093FE3D /* GeoFire */,
			);
			name = Resources;
			sourceTree = "<group>";
		};
		EEB76B701F1D6AAA0093FE3D /* View */ = {
			isa = PBXGroup;
			children = (
				EEB76B771F1D6F920093FE3D /* PokeCell.swift */,
			);
			name = View;
			sourceTree = "<group>";
		};
/* End PBXGroup section */

/* Begin PBXNativeTarget section */
		EEB76B321F1ACE520093FE3D /* PokeSearch */ = {
			isa = PBXNativeTarget;
			buildConfigurationList = EEB76B451F1ACE520093FE3D /* Build configuration list for PBXNativeTarget "PokeSearch" */;
			buildPhases = (
				BC0AD45393669C695352D20A /* [CP] Check Pods Manifest.lock */,
				EEB76B2F1F1ACE520093FE3D /* Sources */,
				EEB76B301F1ACE520093FE3D /* Frameworks */,
				EEB76B311F1ACE520093FE3D /* Resources */,
				723DF006FCAB27147744D4D0 /* [CP] Embed Pods Frameworks */,
				B343BE9D76AFCF86D33FA341 /* [CP] Copy Pods Resources */,
			);
			buildRules = (
			);
			dependencies = (
			);
			name = PokeSearch;
			productName = PokeSearch;
			productReference = EEB76B331F1ACE520093FE3D /* PokeSearch.app */;
			productType = "com.apple.product-type.application";
		};
/* End PBXNativeTarget section */

/* Begin PBXProject section */
		EEB76B2B1F1ACE520093FE3D /* Project object */ = {
			isa = PBXProject;
			attributes = {
				LastSwiftUpdateCheck = 0830;
				LastUpgradeCheck = 0830;
				ORGANIZATIONNAME = "Matthew Tripodi";
				TargetAttributes = {
					EEB76B321F1ACE520093FE3D = {
						CreatedOnToolsVersion = 8.3.3;
						DevelopmentTeam = J5P95JSAVD;
						ProvisioningStyle = Automatic;
					};
				};
			};
			buildConfigurationList = EEB76B2E1F1ACE520093FE3D /* Build configuration list for PBXProject "PokeSearch" */;
			compatibilityVersion = "Xcode 3.2";
			developmentRegion = English;
			hasScannedForEncodings = 0;
			knownRegions = (
				en,
				Base,
			);
			mainGroup = EEB76B2A1F1ACE520093FE3D;
			productRefGroup = EEB76B341F1ACE520093FE3D /* Products */;
			projectDirPath = "";
			projectRoot = "";
			targets = (
				EEB76B321F1ACE520093FE3D /* PokeSearch */,
			);
		};
/* End PBXProject section */

/* Begin PBXResourcesBuildPhase section */
		EEB76B311F1ACE520093FE3D /* Resources */ = {
			isa = PBXResourcesBuildPhase;
			buildActionMask = 2147483647;
			files = (
				EEB76B491F1ACE840093FE3D /* GoogleService-Info.plist in Resources */,
				EEB76B411F1ACE520093FE3D /* LaunchScreen.storyboard in Resources */,
				EEB76B3E1F1ACE520093FE3D /* Assets.xcassets in Resources */,
				EEB76B761F1D6BAD0093FE3D /* Pokemon Solid.ttf in Resources */,
				EEB76B3C1F1ACE520093FE3D /* Main.storyboard in Resources */,
				EEB76B6D1F1D6A8B0093FE3D /* pokemon.csv in Resources */,
			);
			runOnlyForDeploymentPostprocessing = 0;
		};
/* End PBXResourcesBuildPhase section */

/* Begin PBXShellScriptBuildPhase section */
		723DF006FCAB27147744D4D0 /* [CP] Embed Pods Frameworks */ = {
			isa = PBXShellScriptBuildPhase;
			buildActionMask = 2147483647;
			files = (
			);
			inputPaths = (
			);
			name = "[CP] Embed Pods Frameworks";
			outputPaths = (
			);
			runOnlyForDeploymentPostprocessing = 0;
			shellPath = /bin/sh;
			shellScript = "\"${SRCROOT}/Pods/Target Support Files/Pods-PokeSearch/Pods-PokeSearch-frameworks.sh\"\n";
			showEnvVarsInLog = 0;
		};
		B343BE9D76AFCF86D33FA341 /* [CP] Copy Pods Resources */ = {
			isa = PBXShellScriptBuildPhase;
			buildActionMask = 2147483647;
			files = (
			);
			inputPaths = (
			);
			name = "[CP] Copy Pods Resources";
			outputPaths = (
			);
			runOnlyForDeploymentPostprocessing = 0;
			shellPath = /bin/sh;
			shellScript = "\"${SRCROOT}/Pods/Target Support Files/Pods-PokeSearch/Pods-PokeSearch-resources.sh\"\n";
			showEnvVarsInLog = 0;
		};
		BC0AD45393669C695352D20A /* [CP] Check Pods Manifest.lock */ = {
			isa = PBXShellScriptBuildPhase;
			buildActionMask = 2147483647;
			files = (
			);
			inputPaths = (
			);
			name = "[CP] Check Pods Manifest.lock";
			outputPaths = (
			);
			runOnlyForDeploymentPostprocessing = 0;
			shellPath = /bin/sh;
			shellScript = "diff \"${PODS_PODFILE_DIR_PATH}/Podfile.lock\" \"${PODS_ROOT}/Manifest.lock\" > /dev/null\nif [ $? != 0 ] ; then\n    # print error to STDERR\n    echo \"error: The sandbox is not in sync with the Podfile.lock. Run 'pod install' or update your CocoaPods installation.\" >&2\n    exit 1\nfi\n";
			showEnvVarsInLog = 0;
		};
/* End PBXShellScriptBuildPhase section */

/* Begin PBXSourcesBuildPhase section */
		EEB76B2F1F1ACE520093FE3D /* Sources */ = {
			isa = PBXSourcesBuildPhase;
			buildActionMask = 2147483647;
			files = (
				EEB76B6F1F1D6A940093FE3D /* csv.swift in Sources */,
				EEB76B5D1F1B00100093FE3D /* GFBase32Utils.m in Sources */,
				EEB76B6A1F1BBB580093FE3D /* PokeAnnotation.swift in Sources */,
				EEB76B391F1ACE520093FE3D /* ViewController.swift in Sources */,
				EEB76B5E1F1B00100093FE3D /* GFGeoHash.m in Sources */,
				EEB76B7A1F1D6FE70093FE3D /* Pokemon.swift in Sources */,
				EEB76B741F1D6AFA0093FE3D /* PokemonListVC.swift in Sources */,
				EEB76B371F1ACE520093FE3D /* AppDelegate.swift in Sources */,
				EEB76B5C1F1B00100093FE3D /* GeoFire.m in Sources */,
				EEB76B5F1F1B00100093FE3D /* GFGeoHashQuery.m in Sources */,
				EEB76B781F1D6F920093FE3D /* PokeCell.swift in Sources */,
				EEB76B601F1B00100093FE3D /* GFQuery.m in Sources */,
			);
			runOnlyForDeploymentPostprocessing = 0;
		};
/* End PBXSourcesBuildPhase section */

/* Begin PBXVariantGroup section */
		EEB76B3A1F1ACE520093FE3D /* Main.storyboard */ = {
			isa = PBXVariantGroup;
			children = (
				EEB76B3B1F1ACE520093FE3D /* Base */,
			);
			name = Main.storyboard;
			sourceTree = "<group>";
		};
		EEB76B3F1F1ACE520093FE3D /* LaunchScreen.storyboard */ = {
			isa = PBXVariantGroup;
			children = (
				EEB76B401F1ACE520093FE3D /* Base */,
			);
			name = LaunchScreen.storyboard;
			sourceTree = "<group>";
		};
/* End PBXVariantGroup section */

/* Begin XCBuildConfiguration section */
		EEB76B431F1ACE520093FE3D /* Debug */ = {
			isa = XCBuildConfiguration;
			buildSettings = {
				ALWAYS_SEARCH_USER_PATHS = NO;
				CLANG_ANALYZER_NONNULL = YES;
				CLANG_ANALYZER_NUMBER_OBJECT_CONVERSION = YES_AGGRESSIVE;
				CLANG_CXX_LANGUAGE_STANDARD = "gnu++0x";
				CLANG_CXX_LIBRARY = "libc++";
				CLANG_ENABLE_MODULES = YES;
				CLANG_ENABLE_OBJC_ARC = YES;
				CLANG_WARN_BOOL_CONVERSION = YES;
				CLANG_WARN_CONSTANT_CONVERSION = YES;
				CLANG_WARN_DIRECT_OBJC_ISA_USAGE = YES_ERROR;
				CLANG_WARN_DOCUMENTATION_COMMENTS = YES;
				CLANG_WARN_EMPTY_BODY = YES;
				CLANG_WARN_ENUM_CONVERSION = YES;
				CLANG_WARN_INFINITE_RECURSION = YES;
				CLANG_WARN_INT_CONVERSION = YES;
				CLANG_WARN_OBJC_ROOT_CLASS = YES_ERROR;
				CLANG_WARN_SUSPICIOUS_MOVE = YES;
				CLANG_WARN_UNREACHABLE_CODE = YES;
				CLANG_WARN__DUPLICATE_METHOD_MATCH = YES;
				"CODE_SIGN_IDENTITY[sdk=iphoneos*]" = "iPhone Developer";
				COPY_PHASE_STRIP = NO;
				DEBUG_INFORMATION_FORMAT = dwarf;
				ENABLE_STRICT_OBJC_MSGSEND = YES;
				ENABLE_TESTABILITY = YES;
				GCC_C_LANGUAGE_STANDARD = gnu99;
				GCC_DYNAMIC_NO_PIC = NO;
				GCC_NO_COMMON_BLOCKS = YES;
				GCC_OPTIMIZATION_LEVEL = 0;
				GCC_PREPROCESSOR_DEFINITIONS = (
					"DEBUG=1",
					"$(inherited)",
				);
				GCC_WARN_64_TO_32_BIT_CONVERSION = YES;
				GCC_WARN_ABOUT_RETURN_TYPE = YES_ERROR;
				GCC_WARN_UNDECLARED_SELECTOR = YES;
				GCC_WARN_UNINITIALIZED_AUTOS = YES_AGGRESSIVE;
				GCC_WARN_UNUSED_FUNCTION = YES;
				GCC_WARN_UNUSED_VARIABLE = YES;
				IPHONEOS_DEPLOYMENT_TARGET = 10.3;
				MTL_ENABLE_DEBUG_INFO = YES;
				ONLY_ACTIVE_ARCH = YES;
				SDKROOT = iphoneos;
				SWIFT_ACTIVE_COMPILATION_CONDITIONS = DEBUG;
				SWIFT_OPTIMIZATION_LEVEL = "-Onone";
				TARGETED_DEVICE_FAMILY = "1,2";
			};
			name = Debug;
		};
		EEB76B441F1ACE520093FE3D /* Release */ = {
			isa = XCBuildConfiguration;
			buildSettings = {
				ALWAYS_SEARCH_USER_PATHS = NO;
				CLANG_ANALYZER_NONNULL = YES;
				CLANG_ANALYZER_NUMBER_OBJECT_CONVERSION = YES_AGGRESSIVE;
				CLANG_CXX_LANGUAGE_STANDARD = "gnu++0x";
				CLANG_CXX_LIBRARY = "libc++";
				CLANG_ENABLE_MODULES = YES;
				CLANG_ENABLE_OBJC_ARC = YES;
				CLANG_WARN_BOOL_CONVERSION = YES;
				CLANG_WARN_CONSTANT_CONVERSION = YES;
				CLANG_WARN_DIRECT_OBJC_ISA_USAGE = YES_ERROR;
				CLANG_WARN_DOCUMENTATION_COMMENTS = YES;
				CLANG_WARN_EMPTY_BODY = YES;
				CLANG_WARN_ENUM_CONVERSION = YES;
				CLANG_WARN_INFINITE_RECURSION = YES;
				CLANG_WARN_INT_CONVERSION = YES;
				CLANG_WARN_OBJC_ROOT_CLASS = YES_ERROR;
				CLANG_WARN_SUSPICIOUS_MOVE = YES;
				CLANG_WARN_UNREACHABLE_CODE = YES;
				CLANG_WARN__DUPLICATE_METHOD_MATCH = YES;
				"CODE_SIGN_IDENTITY[sdk=iphoneos*]" = "iPhone Developer";
				COPY_PHASE_STRIP = NO;
				DEBUG_INFORMATION_FORMAT = "dwarf-with-dsym";
				ENABLE_NS_ASSERTIONS = NO;
				ENABLE_STRICT_OBJC_MSGSEND = YES;
				GCC_C_LANGUAGE_STANDARD = gnu99;
				GCC_NO_COMMON_BLOCKS = YES;
				GCC_WARN_64_TO_32_BIT_CONVERSION = YES;
				GCC_WARN_ABOUT_RETURN_TYPE = YES_ERROR;
				GCC_WARN_UNDECLARED_SELECTOR = YES;
				GCC_WARN_UNINITIALIZED_AUTOS = YES_AGGRESSIVE;
				GCC_WARN_UNUSED_FUNCTION = YES;
				GCC_WARN_UNUSED_VARIABLE = YES;
				IPHONEOS_DEPLOYMENT_TARGET = 10.3;
				MTL_ENABLE_DEBUG_INFO = NO;
				SDKROOT = iphoneos;
				SWIFT_OPTIMIZATION_LEVEL = "-Owholemodule";
				TARGETED_DEVICE_FAMILY = "1,2";
				VALIDATE_PRODUCT = YES;
			};
			name = Release;
		};
		EEB76B461F1ACE520093FE3D /* Debug */ = {
			isa = XCBuildConfiguration;
			baseConfigurationReference = 788C63E9CC3AED52E60491D6 /* Pods-PokeSearch.debug.xcconfig */;
			buildSettings = {
				ASSETCATALOG_COMPILER_APPICON_NAME = AppIcon;
				DEVELOPMENT_TEAM = J5P95JSAVD;
				INFOPLIST_FILE = PokeSearch/Info.plist;
				LD_RUNPATH_SEARCH_PATHS = "$(inherited) @executable_path/Frameworks";
				PRODUCT_BUNDLE_IDENTIFIER = com.matthewtripodi.PokeSearch;
				PRODUCT_NAME = "$(TARGET_NAME)";
				SWIFT_VERSION = 3.0;
			};
			name = Debug;
		};
		EEB76B471F1ACE520093FE3D /* Release */ = {
			isa = XCBuildConfiguration;
			baseConfigurationReference = D661658EC56D51354263335F /* Pods-PokeSearch.release.xcconfig */;
			buildSettings = {
				ASSETCATALOG_COMPILER_APPICON_NAME = AppIcon;
				DEVELOPMENT_TEAM = J5P95JSAVD;
				INFOPLIST_FILE = PokeSearch/Info.plist;
				LD_RUNPATH_SEARCH_PATHS = "$(inherited) @executable_path/Frameworks";
				PRODUCT_BUNDLE_IDENTIFIER = com.matthewtripodi.PokeSearch;
				PRODUCT_NAME = "$(TARGET_NAME)";
				SWIFT_VERSION = 3.0;
			};
			name = Release;
		};
/* End XCBuildConfiguration section */

/* Begin XCConfigurationList section */
		EEB76B2E1F1ACE520093FE3D /* Build configuration list for PBXProject "PokeSearch" */ = {
			isa = XCConfigurationList;
			buildConfigurations = (
				EEB76B431F1ACE520093FE3D /* Debug */,
				EEB76B441F1ACE520093FE3D /* Release */,
			);
			defaultConfigurationIsVisible = 0;
			defaultConfigurationName = Release;
		};
		EEB76B451F1ACE520093FE3D /* Build configuration list for PBXNativeTarget "PokeSearch" */ = {
			isa = XCConfigurationList;
			buildConfigurations = (
				EEB76B461F1ACE520093FE3D /* Debug */,
				EEB76B471F1ACE520093FE3D /* Release */,
			);
			defaultConfigurationIsVisible = 0;
			defaultConfigurationName = Release;
		};
/* End XCConfigurationList section */
	};
	rootObject = EEB76B2B1F1ACE520093FE3D /* Project object */;
}
